// !$*UTF8*$!
{
	archiveVersion = 1;
	classes = {
	};
	objectVersion = 56;
	objects = {

/* Begin PBXBuildFile section */
		8412884C2A7057E200C12CCF /* SplashViewRouter.swift in Sources */ = {isa = PBXBuildFile; fileRef = 8412884B2A7057E200C12CCF /* SplashViewRouter.swift */; };
		841517062A81E15900E631BE /* SignInViewRouter.swift in Sources */ = {isa = PBXBuildFile; fileRef = 841517052A81E15900E631BE /* SignInViewRouter.swift */; };
		8415170C2A81E3AF00E631BE /* HomeView.swift in Sources */ = {isa = PBXBuildFile; fileRef = 8415170B2A81E3AF00E631BE /* HomeView.swift */; };
		8415170E2A81E3E000E631BE /* HomeViewModel.swift in Sources */ = {isa = PBXBuildFile; fileRef = 8415170D2A81E3E000E631BE /* HomeViewModel.swift */; };
		8423E6322A83288500A62E0B /* SignUpView.swift in Sources */ = {isa = PBXBuildFile; fileRef = 8423E6312A83288500A62E0B /* SignUpView.swift */; };
		8423E6362A8338E000A62E0B /* Gender.swift in Sources */ = {isa = PBXBuildFile; fileRef = 8423E6352A8338E000A62E0B /* Gender.swift */; };
		8435CE792A6715710016D951 /* HabitApp.swift in Sources */ = {isa = PBXBuildFile; fileRef = 8435CE782A6715710016D951 /* HabitApp.swift */; };
		8435CE7D2A6715730016D951 /* Assets.xcassets in Resources */ = {isa = PBXBuildFile; fileRef = 8435CE7C2A6715730016D951 /* Assets.xcassets */; };
		8435CE802A6715730016D951 /* Preview Assets.xcassets in Resources */ = {isa = PBXBuildFile; fileRef = 8435CE7F2A6715730016D951 /* Preview Assets.xcassets */; };
		8435CE8A2A671ED20016D951 /* SplashView.swift in Sources */ = {isa = PBXBuildFile; fileRef = 8435CE892A671ED20016D951 /* SplashView.swift */; };
		8435CE8C2A6720AC0016D951 /* SplashUIState.swift in Sources */ = {isa = PBXBuildFile; fileRef = 8435CE8B2A6720AC0016D951 /* SplashUIState.swift */; };
		843B500E2AABF823004D3829 /* CustomTextFieldStyle.swift in Sources */ = {isa = PBXBuildFile; fileRef = 843B500D2AABF823004D3829 /* CustomTextFieldStyle.swift */; };
		847FED862A7AE7E1008A2361 /* SignInUIState.swift in Sources */ = {isa = PBXBuildFile; fileRef = 847FED852A7AE7E1008A2361 /* SignInUIState.swift */; };
		8491F50E2A6B101400764D63 /* SplashViewModel.swift in Sources */ = {isa = PBXBuildFile; fileRef = 8491F50D2A6B101400764D63 /* SplashViewModel.swift */; };
		84CDD3852A843A2700520E1E /* SignUpUIState.swift in Sources */ = {isa = PBXBuildFile; fileRef = 84CDD3842A843A2700520E1E /* SignUpUIState.swift */; };
		84CDD3872A843B3C00520E1E /* SignUpViewModel.swift in Sources */ = {isa = PBXBuildFile; fileRef = 84CDD3862A843B3C00520E1E /* SignUpViewModel.swift */; };
		84CDD3892A843D1600520E1E /* SignUpViewRouter.swift in Sources */ = {isa = PBXBuildFile; fileRef = 84CDD3882A843D1600520E1E /* SignUpViewRouter.swift */; };
		84F96D7D2AA7C30000C565A9 /* EditTextView.swift in Sources */ = {isa = PBXBuildFile; fileRef = 84F96D7C2AA7C30000C565A9 /* EditTextView.swift */; };
		84F9CC3B2A6CB4E4005CD0D6 /* SignInView.swift in Sources */ = {isa = PBXBuildFile; fileRef = 84F9CC3A2A6CB4E4005CD0D6 /* SignInView.swift */; };
		84F9CC3D2A6CB939005CD0D6 /* SignInViewModel.swift in Sources */ = {isa = PBXBuildFile; fileRef = 84F9CC3C2A6CB939005CD0D6 /* SignInViewModel.swift */; };
/* End PBXBuildFile section */

/* Begin PBXFileReference section */
		8412884B2A7057E200C12CCF /* SplashViewRouter.swift */ = {isa = PBXFileReference; lastKnownFileType = sourcecode.swift; path = SplashViewRouter.swift; sourceTree = "<group>"; };
		841517052A81E15900E631BE /* SignInViewRouter.swift */ = {isa = PBXFileReference; lastKnownFileType = sourcecode.swift; path = SignInViewRouter.swift; sourceTree = "<group>"; };
		8415170B2A81E3AF00E631BE /* HomeView.swift */ = {isa = PBXFileReference; lastKnownFileType = sourcecode.swift; path = HomeView.swift; sourceTree = "<group>"; };
		8415170D2A81E3E000E631BE /* HomeViewModel.swift */ = {isa = PBXFileReference; lastKnownFileType = sourcecode.swift; path = HomeViewModel.swift; sourceTree = "<group>"; };
		8423E6312A83288500A62E0B /* SignUpView.swift */ = {isa = PBXFileReference; lastKnownFileType = sourcecode.swift; path = SignUpView.swift; sourceTree = "<group>"; };
		8423E6352A8338E000A62E0B /* Gender.swift */ = {isa = PBXFileReference; lastKnownFileType = sourcecode.swift; path = Gender.swift; sourceTree = "<group>"; };
		8435CE752A6715710016D951 /* Habit.app */ = {isa = PBXFileReference; explicitFileType = wrapper.application; includeInIndex = 0; path = Habit.app; sourceTree = BUILT_PRODUCTS_DIR; };
		8435CE782A6715710016D951 /* HabitApp.swift */ = {isa = PBXFileReference; lastKnownFileType = sourcecode.swift; path = HabitApp.swift; sourceTree = "<group>"; };
		8435CE7C2A6715730016D951 /* Assets.xcassets */ = {isa = PBXFileReference; lastKnownFileType = folder.assetcatalog; path = Assets.xcassets; sourceTree = "<group>"; };
		8435CE7F2A6715730016D951 /* Preview Assets.xcassets */ = {isa = PBXFileReference; lastKnownFileType = folder.assetcatalog; path = "Preview Assets.xcassets"; sourceTree = "<group>"; };
		8435CE892A671ED20016D951 /* SplashView.swift */ = {isa = PBXFileReference; lastKnownFileType = sourcecode.swift; path = SplashView.swift; sourceTree = "<group>"; };
		8435CE8B2A6720AC0016D951 /* SplashUIState.swift */ = {isa = PBXFileReference; lastKnownFileType = sourcecode.swift; path = SplashUIState.swift; sourceTree = "<group>"; };
		843B500D2AABF823004D3829 /* CustomTextFieldStyle.swift */ = {isa = PBXFileReference; lastKnownFileType = sourcecode.swift; path = CustomTextFieldStyle.swift; sourceTree = "<group>"; };
		847FED852A7AE7E1008A2361 /* SignInUIState.swift */ = {isa = PBXFileReference; lastKnownFileType = sourcecode.swift; path = SignInUIState.swift; sourceTree = "<group>"; };
		8491F50D2A6B101400764D63 /* SplashViewModel.swift */ = {isa = PBXFileReference; lastKnownFileType = sourcecode.swift; path = SplashViewModel.swift; sourceTree = "<group>"; };
		84CDD3842A843A2700520E1E /* SignUpUIState.swift */ = {isa = PBXFileReference; lastKnownFileType = sourcecode.swift; path = SignUpUIState.swift; sourceTree = "<group>"; };
		84CDD3862A843B3C00520E1E /* SignUpViewModel.swift */ = {isa = PBXFileReference; lastKnownFileType = sourcecode.swift; path = SignUpViewModel.swift; sourceTree = "<group>"; };
		84CDD3882A843D1600520E1E /* SignUpViewRouter.swift */ = {isa = PBXFileReference; lastKnownFileType = sourcecode.swift; path = SignUpViewRouter.swift; sourceTree = "<group>"; };
		84F96D7C2AA7C30000C565A9 /* EditTextView.swift */ = {isa = PBXFileReference; lastKnownFileType = sourcecode.swift; path = EditTextView.swift; sourceTree = "<group>"; };
		84F9CC3A2A6CB4E4005CD0D6 /* SignInView.swift */ = {isa = PBXFileReference; lastKnownFileType = sourcecode.swift; path = SignInView.swift; sourceTree = "<group>"; };
		84F9CC3C2A6CB939005CD0D6 /* SignInViewModel.swift */ = {isa = PBXFileReference; lastKnownFileType = sourcecode.swift; path = SignInViewModel.swift; sourceTree = "<group>"; };
/* End PBXFileReference section */

/* Begin PBXFrameworksBuildPhase section */
		8435CE722A6715710016D951 /* Frameworks */ = {
			isa = PBXFrameworksBuildPhase;
			buildActionMask = 2147483647;
			files = (
			);
			runOnlyForDeploymentPostprocessing = 0;
		};
/* End PBXFrameworksBuildPhase section */

/* Begin PBXGroup section */
		841517072A81E35C00E631BE /* Home */ = {
			isa = PBXGroup;
			children = (
				8415170A2A81E38100E631BE /* ViewModel */,
				841517092A81E37400E631BE /* Model */,
				841517082A81E36A00E631BE /* View */,
			);
			path = Home;
			sourceTree = "<group>";
		};
		841517082A81E36A00E631BE /* View */ = {
			isa = PBXGroup;
			children = (
				8415170B2A81E3AF00E631BE /* HomeView.swift */,
			);
			path = View;
			sourceTree = "<group>";
		};
		841517092A81E37400E631BE /* Model */ = {
			isa = PBXGroup;
			children = (
			);
			path = Model;
			sourceTree = "<group>";
		};
		8415170A2A81E38100E631BE /* ViewModel */ = {
			isa = PBXGroup;
			children = (
				8415170D2A81E3E000E631BE /* HomeViewModel.swift */,
			);
			path = ViewModel;
			sourceTree = "<group>";
		};
		8423E62D2A83284500A62E0B /* SignUp */ = {
			isa = PBXGroup;
			children = (
				8423E6302A83286A00A62E0B /* ViewModel */,
				8423E62F2A83285E00A62E0B /* Model */,
				8423E62E2A83285700A62E0B /* View */,
			);
			path = SignUp;
			sourceTree = "<group>";
		};
		8423E62E2A83285700A62E0B /* View */ = {
			isa = PBXGroup;
			children = (
				8423E6312A83288500A62E0B /* SignUpView.swift */,
			);
			path = View;
			sourceTree = "<group>";
		};
		8423E62F2A83285E00A62E0B /* Model */ = {
			isa = PBXGroup;
			children = (
				84CDD3842A843A2700520E1E /* SignUpUIState.swift */,
			);
			path = Model;
			sourceTree = "<group>";
		};
		8423E6302A83286A00A62E0B /* ViewModel */ = {
			isa = PBXGroup;
			children = (
				84CDD3862A843B3C00520E1E /* SignUpViewModel.swift */,
				84CDD3882A843D1600520E1E /* SignUpViewRouter.swift */,
			);
			path = ViewModel;
			sourceTree = "<group>";
		};
		8423E6332A8338BC00A62E0B /* Common */ = {
			isa = PBXGroup;
			children = (
				84F96D7B2AA7BB1000C565A9 /* View */,
				8423E6342A8338CB00A62E0B /* Model */,
			);
			path = Common;
			sourceTree = "<group>";
		};
		8423E6342A8338CB00A62E0B /* Model */ = {
			isa = PBXGroup;
			children = (
				8423E6352A8338E000A62E0B /* Gender.swift */,
			);
			path = Model;
			sourceTree = "<group>";
		};
		8435CE6C2A6715710016D951 = {
			isa = PBXGroup;
			children = (
				8435CE772A6715710016D951 /* Habit */,
				8435CE762A6715710016D951 /* Products */,
			);
			sourceTree = "<group>";
		};
		8435CE762A6715710016D951 /* Products */ = {
			isa = PBXGroup;
			children = (
				8435CE752A6715710016D951 /* Habit.app */,
			);
			name = Products;
			sourceTree = "<group>";
		};
		8435CE772A6715710016D951 /* Habit */ = {
			isa = PBXGroup;
			children = (
				8423E6332A8338BC00A62E0B /* Common */,
				8423E62D2A83284500A62E0B /* SignUp */,
				841517072A81E35C00E631BE /* Home */,
				84F9CC362A6CB42D005CD0D6 /* SignIn */,
				8435CE862A671E970016D951 /* Splash */,
				8435CE782A6715710016D951 /* HabitApp.swift */,
				8435CE7C2A6715730016D951 /* Assets.xcassets */,
				8435CE7E2A6715730016D951 /* Preview Content */,
			);
			path = Habit;
			sourceTree = "<group>";
		};
		8435CE7E2A6715730016D951 /* Preview Content */ = {
			isa = PBXGroup;
			children = (
				8435CE7F2A6715730016D951 /* Preview Assets.xcassets */,
			);
			path = "Preview Content";
			sourceTree = "<group>";
		};
		8435CE862A671E970016D951 /* Splash */ = {
			isa = PBXGroup;
			children = (
				8491F50C2A6B0F9500764D63 /* ViewModel */,
				8435CE882A671EAA0016D951 /* Model */,
				8435CE872A671EA10016D951 /* View */,
			);
			path = Splash;
			sourceTree = "<group>";
		};
		8435CE872A671EA10016D951 /* View */ = {
			isa = PBXGroup;
			children = (
				8435CE892A671ED20016D951 /* SplashView.swift */,
			);
			path = View;
			sourceTree = "<group>";
		};
		8435CE882A671EAA0016D951 /* Model */ = {
			isa = PBXGroup;
			children = (
				8435CE8B2A6720AC0016D951 /* SplashUIState.swift */,
			);
			path = Model;
			sourceTree = "<group>";
		};
		843B500C2AABF800004D3829 /* Style */ = {
			isa = PBXGroup;
			children = (
				843B500D2AABF823004D3829 /* CustomTextFieldStyle.swift */,
			);
			path = Style;
			sourceTree = "<group>";
		};
		8491F50C2A6B0F9500764D63 /* ViewModel */ = {
			isa = PBXGroup;
			children = (
				8491F50D2A6B101400764D63 /* SplashViewModel.swift */,
				8412884B2A7057E200C12CCF /* SplashViewRouter.swift */,
			);
			path = ViewModel;
			sourceTree = "<group>";
		};
		84F96D7B2AA7BB1000C565A9 /* View */ = {
			isa = PBXGroup;
			children = (
				843B500C2AABF800004D3829 /* Style */,
				84F96D7C2AA7C30000C565A9 /* EditTextView.swift */,
			);
			path = View;
			sourceTree = "<group>";
		};
		84F9CC362A6CB42D005CD0D6 /* SignIn */ = {
			isa = PBXGroup;
			children = (
				84F9CC392A6CB44F005CD0D6 /* ViewModel */,
				84F9CC382A6CB447005CD0D6 /* Model */,
				84F9CC372A6CB43B005CD0D6 /* View */,
			);
			path = SignIn;
			sourceTree = "<group>";
		};
		84F9CC372A6CB43B005CD0D6 /* View */ = {
			isa = PBXGroup;
			children = (
				84F9CC3A2A6CB4E4005CD0D6 /* SignInView.swift */,
			);
			path = View;
			sourceTree = "<group>";
		};
		84F9CC382A6CB447005CD0D6 /* Model */ = {
			isa = PBXGroup;
			children = (
				847FED852A7AE7E1008A2361 /* SignInUIState.swift */,
			);
			path = Model;
			sourceTree = "<group>";
		};
		84F9CC392A6CB44F005CD0D6 /* ViewModel */ = {
			isa = PBXGroup;
			children = (
				84F9CC3C2A6CB939005CD0D6 /* SignInViewModel.swift */,
				841517052A81E15900E631BE /* SignInViewRouter.swift */,
			);
			path = ViewModel;
			sourceTree = "<group>";
		};
/* End PBXGroup section */

/* Begin PBXNativeTarget section */
		8435CE742A6715710016D951 /* Habit */ = {
			isa = PBXNativeTarget;
			buildConfigurationList = 8435CE832A6715730016D951 /* Build configuration list for PBXNativeTarget "Habit" */;
			buildPhases = (
				8435CE712A6715710016D951 /* Sources */,
				8435CE722A6715710016D951 /* Frameworks */,
				8435CE732A6715710016D951 /* Resources */,
			);
			buildRules = (
			);
			dependencies = (
			);
			name = Habit;
			productName = Habit;
			productReference = 8435CE752A6715710016D951 /* Habit.app */;
			productType = "com.apple.product-type.application";
		};
/* End PBXNativeTarget section */

/* Begin PBXProject section */
		8435CE6D2A6715710016D951 /* Project object */ = {
			isa = PBXProject;
			attributes = {
				BuildIndependentTargetsInParallel = 1;
				LastSwiftUpdateCheck = 1430;
				LastUpgradeCheck = 1430;
				TargetAttributes = {
					8435CE742A6715710016D951 = {
						CreatedOnToolsVersion = 14.3;
					};
				};
			};
			buildConfigurationList = 8435CE702A6715710016D951 /* Build configuration list for PBXProject "Habit" */;
			compatibilityVersion = "Xcode 14.0";
			developmentRegion = en;
			hasScannedForEncodings = 0;
			knownRegions = (
				en,
				Base,
			);
			mainGroup = 8435CE6C2A6715710016D951;
			productRefGroup = 8435CE762A6715710016D951 /* Products */;
			projectDirPath = "";
			projectRoot = "";
			targets = (
				8435CE742A6715710016D951 /* Habit */,
			);
		};
/* End PBXProject section */

/* Begin PBXResourcesBuildPhase section */
		8435CE732A6715710016D951 /* Resources */ = {
			isa = PBXResourcesBuildPhase;
			buildActionMask = 2147483647;
			files = (
				8435CE802A6715730016D951 /* Preview Assets.xcassets in Resources */,
				8435CE7D2A6715730016D951 /* Assets.xcassets in Resources */,
			);
			runOnlyForDeploymentPostprocessing = 0;
		};
/* End PBXResourcesBuildPhase section */

/* Begin PBXSourcesBuildPhase section */
		8435CE712A6715710016D951 /* Sources */ = {
			isa = PBXSourcesBuildPhase;
			buildActionMask = 2147483647;
			files = (
				8435CE8C2A6720AC0016D951 /* SplashUIState.swift in Sources */,
				8415170E2A81E3E000E631BE /* HomeViewModel.swift in Sources */,
				8435CE792A6715710016D951 /* HabitApp.swift in Sources */,
				84CDD3892A843D1600520E1E /* SignUpViewRouter.swift in Sources */,
				8435CE8A2A671ED20016D951 /* SplashView.swift in Sources */,
				8423E6322A83288500A62E0B /* SignUpView.swift in Sources */,
				8415170C2A81E3AF00E631BE /* HomeView.swift in Sources */,
				841517062A81E15900E631BE /* SignInViewRouter.swift in Sources */,
				84CDD3872A843B3C00520E1E /* SignUpViewModel.swift in Sources */,
				84CDD3852A843A2700520E1E /* SignUpUIState.swift in Sources */,
				84F9CC3B2A6CB4E4005CD0D6 /* SignInView.swift in Sources */,
				8423E6362A8338E000A62E0B /* Gender.swift in Sources */,
				84F9CC3D2A6CB939005CD0D6 /* SignInViewModel.swift in Sources */,
				847FED862A7AE7E1008A2361 /* SignInUIState.swift in Sources */,
				843B500E2AABF823004D3829 /* CustomTextFieldStyle.swift in Sources */,
				84F96D7D2AA7C30000C565A9 /* EditTextView.swift in Sources */,
				8412884C2A7057E200C12CCF /* SplashViewRouter.swift in Sources */,
				8491F50E2A6B101400764D63 /* SplashViewModel.swift in Sources */,
			);
			runOnlyForDeploymentPostprocessing = 0;
		};
/* End PBXSourcesBuildPhase section */

/* Begin XCBuildConfiguration section */
		8435CE812A6715730016D951 /* Debug */ = {
			isa = XCBuildConfiguration;
			buildSettings = {
				ALWAYS_SEARCH_USER_PATHS = NO;
				CLANG_ANALYZER_NONNULL = YES;
				CLANG_ANALYZER_NUMBER_OBJECT_CONVERSION = YES_AGGRESSIVE;
				CLANG_CXX_LANGUAGE_STANDARD = "gnu++20";
				CLANG_ENABLE_MODULES = YES;
				CLANG_ENABLE_OBJC_ARC = YES;
				CLANG_ENABLE_OBJC_WEAK = YES;
				CLANG_WARN_BLOCK_CAPTURE_AUTORELEASING = YES;
				CLANG_WARN_BOOL_CONVERSION = YES;
				CLANG_WARN_COMMA = YES;
				CLANG_WARN_CONSTANT_CONVERSION = YES;
				CLANG_WARN_DEPRECATED_OBJC_IMPLEMENTATIONS = YES;
				CLANG_WARN_DIRECT_OBJC_ISA_USAGE = YES_ERROR;
				CLANG_WARN_DOCUMENTATION_COMMENTS = YES;
				CLANG_WARN_EMPTY_BODY = YES;
				CLANG_WARN_ENUM_CONVERSION = YES;
				CLANG_WARN_INFINITE_RECURSION = YES;
				CLANG_WARN_INT_CONVERSION = YES;
				CLANG_WARN_NON_LITERAL_NULL_CONVERSION = YES;
				CLANG_WARN_OBJC_IMPLICIT_RETAIN_SELF = YES;
				CLANG_WARN_OBJC_LITERAL_CONVERSION = YES;
				CLANG_WARN_OBJC_ROOT_CLASS = YES_ERROR;
				CLANG_WARN_QUOTED_INCLUDE_IN_FRAMEWORK_HEADER = YES;
				CLANG_WARN_RANGE_LOOP_ANALYSIS = YES;
				CLANG_WARN_STRICT_PROTOTYPES = YES;
				CLANG_WARN_SUSPICIOUS_MOVE = YES;
				CLANG_WARN_UNGUARDED_AVAILABILITY = YES_AGGRESSIVE;
				CLANG_WARN_UNREACHABLE_CODE = YES;
				CLANG_WARN__DUPLICATE_METHOD_MATCH = YES;
				COPY_PHASE_STRIP = NO;
				DEBUG_INFORMATION_FORMAT = dwarf;
				ENABLE_STRICT_OBJC_MSGSEND = YES;
				ENABLE_TESTABILITY = YES;
				GCC_C_LANGUAGE_STANDARD = gnu11;
				GCC_DYNAMIC_NO_PIC = NO;
				GCC_NO_COMMON_BLOCKS = YES;
				GCC_OPTIMIZATION_LEVEL = 0;
				GCC_PREPROCESSOR_DEFINITIONS = (
					"DEBUG=1",
					"$(inherited)",
				);
				GCC_WARN_64_TO_32_BIT_CONVERSION = YES;
				GCC_WARN_ABOUT_RETURN_TYPE = YES_ERROR;
				GCC_WARN_UNDECLARED_SELECTOR = YES;
				GCC_WARN_UNINITIALIZED_AUTOS = YES_AGGRESSIVE;
				GCC_WARN_UNUSED_FUNCTION = YES;
				GCC_WARN_UNUSED_VARIABLE = YES;
				IPHONEOS_DEPLOYMENT_TARGET = 16.4;
				MTL_ENABLE_DEBUG_INFO = INCLUDE_SOURCE;
				MTL_FAST_MATH = YES;
				ONLY_ACTIVE_ARCH = YES;
				SDKROOT = iphoneos;
				SWIFT_ACTIVE_COMPILATION_CONDITIONS = DEBUG;
				SWIFT_OPTIMIZATION_LEVEL = "-Onone";
			};
			name = Debug;
		};
		8435CE822A6715730016D951 /* Release */ = {
			isa = XCBuildConfiguration;
			buildSettings = {
				ALWAYS_SEARCH_USER_PATHS = NO;
				CLANG_ANALYZER_NONNULL = YES;
				CLANG_ANALYZER_NUMBER_OBJECT_CONVERSION = YES_AGGRESSIVE;
				CLANG_CXX_LANGUAGE_STANDARD = "gnu++20";
				CLANG_ENABLE_MODULES = YES;
				CLANG_ENABLE_OBJC_ARC = YES;
				CLANG_ENABLE_OBJC_WEAK = YES;
				CLANG_WARN_BLOCK_CAPTURE_AUTORELEASING = YES;
				CLANG_WARN_BOOL_CONVERSION = YES;
				CLANG_WARN_COMMA = YES;
				CLANG_WARN_CONSTANT_CONVERSION = YES;
				CLANG_WARN_DEPRECATED_OBJC_IMPLEMENTATIONS = YES;
				CLANG_WARN_DIRECT_OBJC_ISA_USAGE = YES_ERROR;
				CLANG_WARN_DOCUMENTATION_COMMENTS = YES;
				CLANG_WARN_EMPTY_BODY = YES;
				CLANG_WARN_ENUM_CONVERSION = YES;
				CLANG_WARN_INFINITE_RECURSION = YES;
				CLANG_WARN_INT_CONVERSION = YES;
				CLANG_WARN_NON_LITERAL_NULL_CONVERSION = YES;
				CLANG_WARN_OBJC_IMPLICIT_RETAIN_SELF = YES;
				CLANG_WARN_OBJC_LITERAL_CONVERSION = YES;
				CLANG_WARN_OBJC_ROOT_CLASS = YES_ERROR;
				CLANG_WARN_QUOTED_INCLUDE_IN_FRAMEWORK_HEADER = YES;
				CLANG_WARN_RANGE_LOOP_ANALYSIS = YES;
				CLANG_WARN_STRICT_PROTOTYPES = YES;
				CLANG_WARN_SUSPICIOUS_MOVE = YES;
				CLANG_WARN_UNGUARDED_AVAILABILITY = YES_AGGRESSIVE;
				CLANG_WARN_UNREACHABLE_CODE = YES;
				CLANG_WARN__DUPLICATE_METHOD_MATCH = YES;
				COPY_PHASE_STRIP = NO;
				DEBUG_INFORMATION_FORMAT = "dwarf-with-dsym";
				ENABLE_NS_ASSERTIONS = NO;
				ENABLE_STRICT_OBJC_MSGSEND = YES;
				GCC_C_LANGUAGE_STANDARD = gnu11;
				GCC_NO_COMMON_BLOCKS = YES;
				GCC_WARN_64_TO_32_BIT_CONVERSION = YES;
				GCC_WARN_ABOUT_RETURN_TYPE = YES_ERROR;
				GCC_WARN_UNDECLARED_SELECTOR = YES;
				GCC_WARN_UNINITIALIZED_AUTOS = YES_AGGRESSIVE;
				GCC_WARN_UNUSED_FUNCTION = YES;
				GCC_WARN_UNUSED_VARIABLE = YES;
				IPHONEOS_DEPLOYMENT_TARGET = 16.4;
				MTL_ENABLE_DEBUG_INFO = NO;
				MTL_FAST_MATH = YES;
				SDKROOT = iphoneos;
				SWIFT_COMPILATION_MODE = wholemodule;
				SWIFT_OPTIMIZATION_LEVEL = "-O";
				VALIDATE_PRODUCT = YES;
			};
			name = Release;
		};
		8435CE842A6715730016D951 /* Debug */ = {
			isa = XCBuildConfiguration;
			buildSettings = {
				ASSETCATALOG_COMPILER_APPICON_NAME = AppIcon;
				ASSETCATALOG_COMPILER_GLOBAL_ACCENT_COLOR_NAME = AccentColor;
				CODE_SIGN_STYLE = Automatic;
				CURRENT_PROJECT_VERSION = 1;
				DEVELOPMENT_ASSET_PATHS = "\"Habit/Preview Content\"";
				DEVELOPMENT_TEAM = 2688MGND28;
				ENABLE_PREVIEWS = YES;
				GENERATE_INFOPLIST_FILE = YES;
				INFOPLIST_KEY_UIApplicationSceneManifest_Generation = YES;
				INFOPLIST_KEY_UIApplicationSupportsIndirectInputEvents = YES;
				INFOPLIST_KEY_UILaunchScreen_Generation = YES;
				INFOPLIST_KEY_UISupportedInterfaceOrientations_iPad = "UIInterfaceOrientationPortrait UIInterfaceOrientationPortraitUpsideDown UIInterfaceOrientationLandscapeLeft UIInterfaceOrientationLandscapeRight";
				INFOPLIST_KEY_UISupportedInterfaceOrientations_iPhone = "UIInterfaceOrientationPortrait UIInterfaceOrientationLandscapeLeft UIInterfaceOrientationLandscapeRight";
				IPHONEOS_DEPLOYMENT_TARGET = 14.0;
				LD_RUNPATH_SEARCH_PATHS = (
					"$(inherited)",
					"@executable_path/Frameworks",
				);
				MARKETING_VERSION = 1.0;
				PRODUCT_BUNDLE_IDENTIFIER = br.com.ECorp.Habit;
				PRODUCT_NAME = "$(TARGET_NAME)";
				SWIFT_EMIT_LOC_STRINGS = YES;
				SWIFT_VERSION = 5.0;
				TARGETED_DEVICE_FAMILY = "1,2";
			};
			name = Debug;
		};
		8435CE852A6715730016D951 /* Release */ = {
			isa = XCBuildConfiguration;
			buildSettings = {
				ASSETCATALOG_COMPILER_APPICON_NAME = AppIcon;
				ASSETCATALOG_COMPILER_GLOBAL_ACCENT_COLOR_NAME = AccentColor;
				CODE_SIGN_STYLE = Automatic;
				CURRENT_PROJECT_VERSION = 1;
				DEVELOPMENT_ASSET_PATHS = "\"Habit/Preview Content\"";
				DEVELOPMENT_TEAM = 2688MGND28;
				ENABLE_PREVIEWS = YES;
				GENERATE_INFOPLIST_FILE = YES;
				INFOPLIST_KEY_UIApplicationSceneManifest_Generation = YES;
				INFOPLIST_KEY_UIApplicationSupportsIndirectInputEvents = YES;
				INFOPLIST_KEY_UILaunchScreen_Generation = YES;
				INFOPLIST_KEY_UISupportedInterfaceOrientations_iPad = "UIInterfaceOrientationPortrait UIInterfaceOrientationPortraitUpsideDown UIInterfaceOrientationLandscapeLeft UIInterfaceOrientationLandscapeRight";
				INFOPLIST_KEY_UISupportedInterfaceOrientations_iPhone = "UIInterfaceOrientationPortrait UIInterfaceOrientationLandscapeLeft UIInterfaceOrientationLandscapeRight";
				IPHONEOS_DEPLOYMENT_TARGET = 14.0;
				LD_RUNPATH_SEARCH_PATHS = (
					"$(inherited)",
					"@executable_path/Frameworks",
				);
				MARKETING_VERSION = 1.0;
				PRODUCT_BUNDLE_IDENTIFIER = br.com.ECorp.Habit;
				PRODUCT_NAME = "$(TARGET_NAME)";
				SWIFT_EMIT_LOC_STRINGS = YES;
				SWIFT_VERSION = 5.0;
				TARGETED_DEVICE_FAMILY = "1,2";
			};
			name = Release;
		};
/* End XCBuildConfiguration section */

/* Begin XCConfigurationList section */
		8435CE702A6715710016D951 /* Build configuration list for PBXProject "Habit" */ = {
			isa = XCConfigurationList;
			buildConfigurations = (
				8435CE812A6715730016D951 /* Debug */,
				8435CE822A6715730016D951 /* Release */,
			);
			defaultConfigurationIsVisible = 0;
			defaultConfigurationName = Release;
		};
		8435CE832A6715730016D951 /* Build configuration list for PBXNativeTarget "Habit" */ = {
			isa = XCConfigurationList;
			buildConfigurations = (
				8435CE842A6715730016D951 /* Debug */,
				8435CE852A6715730016D951 /* Release */,
			);
			defaultConfigurationIsVisible = 0;
			defaultConfigurationName = Release;
		};
/* End XCConfigurationList section */
	};
	rootObject = 8435CE6D2A6715710016D951 /* Project object */;
}
